
Microsoft Visual Studio Solution File, Format Version 12.00
# Visual Studio 15
VisualStudioVersion = 15.0.27130.2036
MinimumVisualStudioVersion = 10.0.40219.1
Project("{FAE04EC0-301F-11D3-BF4B-00C04F79EFBC}") = "Restaurant", "Restaurant\Restaurant.csproj", "{D27C73AF-76A8-4016-A273-3102DA0CD9B2}"
EndProject
Project("{FAE04EC0-301F-11D3-BF4B-00C04F79EFBC}") = "RestaurantDbControllersUnitTest", "RestaurantDbControllersUnitTest\RestaurantDbControllersUnitTest.csproj", "{A535828C-E5B0-49FC-80FB-20E9DFA210CC}"
EndProject
Global
	GlobalSection(SolutionConfigurationPlatforms) = preSolution
		Debug|Any CPU = Debug|Any CPU
		Release|Any CPU = Release|Any CPU
	EndGlobalSection
	GlobalSection(ProjectConfigurationPlatforms) = postSolution
		{D27C73AF-76A8-4016-A273-3102DA0CD9B2}.Debug|Any CPU.ActiveCfg = Debug|Any CPU
		{D27C73AF-76A8-4016-A273-3102DA0CD9B2}.Debug|Any CPU.Build.0 = Debug|Any CPU
		{D27C73AF-76A8-4016-A273-3102DA0CD9B2}.Release|Any CPU.ActiveCfg = Release|Any CPU
		{D27C73AF-76A8-4016-A273-3102DA0CD9B2}.Release|Any CPU.Build.0 = Release|Any CPU
		{A535828C-E5B0-49FC-80FB-20E9DFA210CC}.Debug|Any CPU.ActiveCfg = Debug|Any CPU
		{A535828C-E5B0-49FC-80FB-20E9DFA210CC}.Debug|Any CPU.Build.0 = Debug|Any CPU
		{A535828C-E5B0-49FC-80FB-20E9DFA210CC}.Release|Any CPU.ActiveCfg = Release|Any CPU
		{A535828C-E5B0-49FC-80FB-20E9DFA210CC}.Release|Any CPU.Build.0 = Release|Any CPU
	EndGlobalSection
	GlobalSection(SolutionProperties) = preSolution
		HideSolutionNode = FALSE
	EndGlobalSection
	GlobalSection(ExtensibilityGlobals) = postSolution
		SolutionGuid = {BCFA6813-5AFD-49BE-AF55-4230821B44BD}
	EndGlobalSection
EndGlobal
